
Microsoft Visual Studio Solution File, Format Version 12.00
# Visual Studio Version 17
VisualStudioVersion = 17.5.33530.505
MinimumVisualStudioVersion = 10.0.40219.1
Project("{FAE04EC0-301F-11D3-BF4B-00C04F79EFBC}") = "testapicore6", "testapicore6\testapicore6.csproj", "{DDE7E42A-EB73-4D59-8409-91FDF58326CB}"
EndProject
Global
	GlobalSection(SolutionConfigurationPlatforms) = preSolution
		Debug|Any CPU = Debug|Any CPU
		Release|Any CPU = Release|Any CPU
	EndGlobalSection
	GlobalSection(ProjectConfigurationPlatforms) = postSolution
		{DDE7E42A-EB73-4D59-8409-91FDF58326CB}.Debug|Any CPU.ActiveCfg = Debug|Any CPU
		{DDE7E42A-EB73-4D59-8409-91FDF58326CB}.Debug|Any CPU.Build.0 = Debug|Any CPU
		{DDE7E42A-EB73-4D59-8409-91FDF58326CB}.Release|Any CPU.ActiveCfg = Release|Any CPU
		{DDE7E42A-EB73-4D59-8409-91FDF58326CB}.Release|Any CPU.Build.0 = Release|Any CPU
	EndGlobalSection
	GlobalSection(SolutionProperties) = preSolution
		HideSolutionNode = FALSE
	EndGlobalSection
	GlobalSection(ExtensibilityGlobals) = postSolution
		SolutionGuid = {60449A4E-C1C1-48C0-B3D4-405FA4A6091E}
	EndGlobalSection
EndGlobal
